
Microsoft Visual Studio Solution File, Format Version 12.00
# Visual Studio Version 16
VisualStudioVersion = 16.0.29806.167
MinimumVisualStudioVersion = 10.0.40219.1
Project("{9A19103F-16F7-4668-BE54-9A1E7A4F7556}") = "ReceitasDeSucesso", "ReceitasDeSucesso.csproj", "{83FF90A9-BB2F-4016-875B-42DC077F8712}"
EndProject
Project("{9A19103F-16F7-4668-BE54-9A1E7A4F7556}") = "MasterChef.Domain", "..\ApiReceitas\MasterChef.Domain\MasterChef.Domain.csproj", "{33DF14F9-8771-4B1D-980B-87A2EF3527C4}"
EndProject
Project("{9A19103F-16F7-4668-BE54-9A1E7A4F7556}") = "MasterChef.API", "..\ApiReceitas\MasterChef.API\MasterChef.API.csproj", "{11BA58D4-DA3C-49E6-A3EF-A16D3AEB2125}"
EndProject
Project("{9A19103F-16F7-4668-BE54-9A1E7A4F7556}") = "MasterChef.Infra.Data", "..\ApiReceitas\MasterChef.Infra.Data\MasterChef.Infra.Data.csproj", "{137E0FEA-FB99-402D-80A7-ACF362FFCEF4}"
EndProject
Project("{9A19103F-16F7-4668-BE54-9A1E7A4F7556}") = "MasterChef.Infra.IoC", "..\ApiReceitas\MasterChef.Infra.IoC\MasterChef.Infra.IoC.csproj", "{52FCCD50-776A-424F-B66C-4637586510E4}"
EndProject
Project("{9A19103F-16F7-4668-BE54-9A1E7A4F7556}") = "MasterChef.Services", "..\ApiReceitas\MasterChef.Services\MasterChef.Services.csproj", "{75180B3F-88CB-4E04-96A4-FBA16B570569}"
EndProject
Global
	GlobalSection(SolutionConfigurationPlatforms) = preSolution
		Debug|Any CPU = Debug|Any CPU
		Release|Any CPU = Release|Any CPU
	EndGlobalSection
	GlobalSection(ProjectConfigurationPlatforms) = postSolution
		{83FF90A9-BB2F-4016-875B-42DC077F8712}.Debug|Any CPU.ActiveCfg = Debug|Any CPU
		{83FF90A9-BB2F-4016-875B-42DC077F8712}.Debug|Any CPU.Build.0 = Debug|Any CPU
		{83FF90A9-BB2F-4016-875B-42DC077F8712}.Release|Any CPU.ActiveCfg = Release|Any CPU
		{83FF90A9-BB2F-4016-875B-42DC077F8712}.Release|Any CPU.Build.0 = Release|Any CPU
		{33DF14F9-8771-4B1D-980B-87A2EF3527C4}.Debug|Any CPU.ActiveCfg = Debug|Any CPU
		{33DF14F9-8771-4B1D-980B-87A2EF3527C4}.Debug|Any CPU.Build.0 = Debug|Any CPU
		{33DF14F9-8771-4B1D-980B-87A2EF3527C4}.Release|Any CPU.ActiveCfg = Release|Any CPU
		{33DF14F9-8771-4B1D-980B-87A2EF3527C4}.Release|Any CPU.Build.0 = Release|Any CPU
		{11BA58D4-DA3C-49E6-A3EF-A16D3AEB2125}.Debug|Any CPU.ActiveCfg = Debug|Any CPU
		{11BA58D4-DA3C-49E6-A3EF-A16D3AEB2125}.Debug|Any CPU.Build.0 = Debug|Any CPU
		{11BA58D4-DA3C-49E6-A3EF-A16D3AEB2125}.Release|Any CPU.ActiveCfg = Release|Any CPU
		{11BA58D4-DA3C-49E6-A3EF-A16D3AEB2125}.Release|Any CPU.Build.0 = Release|Any CPU
		{137E0FEA-FB99-402D-80A7-ACF362FFCEF4}.Debug|Any CPU.ActiveCfg = Debug|Any CPU
		{137E0FEA-FB99-402D-80A7-ACF362FFCEF4}.Debug|Any CPU.Build.0 = Debug|Any CPU
		{137E0FEA-FB99-402D-80A7-ACF362FFCEF4}.Release|Any CPU.ActiveCfg = Release|Any CPU
		{137E0FEA-FB99-402D-80A7-ACF362FFCEF4}.Release|Any CPU.Build.0 = Release|Any CPU
		{52FCCD50-776A-424F-B66C-4637586510E4}.Debug|Any CPU.ActiveCfg = Debug|Any CPU
		{52FCCD50-776A-424F-B66C-4637586510E4}.Debug|Any CPU.Build.0 = Debug|Any CPU
		{52FCCD50-776A-424F-B66C-4637586510E4}.Release|Any CPU.ActiveCfg = Release|Any CPU
		{52FCCD50-776A-424F-B66C-4637586510E4}.Release|Any CPU.Build.0 = Release|Any CPU
		{75180B3F-88CB-4E04-96A4-FBA16B570569}.Debug|Any CPU.ActiveCfg = Debug|Any CPU
		{75180B3F-88CB-4E04-96A4-FBA16B570569}.Debug|Any CPU.Build.0 = Debug|Any CPU
		{75180B3F-88CB-4E04-96A4-FBA16B570569}.Release|Any CPU.ActiveCfg = Release|Any CPU
		{75180B3F-88CB-4E04-96A4-FBA16B570569}.Release|Any CPU.Build.0 = Release|Any CPU
	EndGlobalSection
	GlobalSection(SolutionProperties) = preSolution
		HideSolutionNode = FALSE
	EndGlobalSection
	GlobalSection(ExtensibilityGlobals) = postSolution
		SolutionGuid = {130A4C16-6500-4F81-B67E-520AA37AB564}
	EndGlobalSection
	GlobalSection(MonoDevelopProperties) = preSolution
		Policies = $0
		$0.DotNetNamingPolicy = $1
		$1.DirectoryNamespaceAssociation = PrefixedHierarchical
		$0.StandardHeader = $2
	EndGlobalSection
EndGlobal
